{
  "name": "npm_geo",
  "version": "1.0.0",
  "lockfileVersion": 3,
  "requires": true,
  "packages": {
    "": {
      "name": "npm_geo",
      "version": "1.0.0",
      "license": "ISC",
      "dependencies": {
        "world-geojson": "^3.5.3"
      }
    },
    "node_modules/world-geojson": {
      "version": "3.5.3",
      "resolved": "https://registry.npmjs.org/world-geojson/-/world-geojson-3.5.3.tgz",
      "integrity": "sha512-G6A290To3lhtaPjMuQWIQeN30sZDDStwpzU7uHMu1ON+CMLnoGxY/16vxApMR1EjkwUbpNNE2aHApw0MCTkTEQ==",
      "license": "GPL-3.0-or-later"
    }
  }
}
